
Microsoft Visual Studio Solution File, Format Version 12.00
# Visual Studio Version 16
VisualStudioVersion = 16.0.31702.278
MinimumVisualStudioVersion = 10.0.40219.1
Project("{FAE04EC0-301F-11D3-BF4B-00C04F79EFBC}") = "EmployeeDatabase", "EmployeeDatabase\EmployeeDatabase.csproj", "{0CAE53AD-DB18-4896-9ED7-9CABB042C989}"
EndProject
Global
	GlobalSection(SolutionConfigurationPlatforms) = preSolution
		Debug|Any CPU = Debug|Any CPU
		Release|Any CPU = Release|Any CPU
	EndGlobalSection
	GlobalSection(ProjectConfigurationPlatforms) = postSolution
		{0CAE53AD-DB18-4896-9ED7-9CABB042C989}.Debug|Any CPU.ActiveCfg = Debug|Any CPU
		{0CAE53AD-DB18-4896-9ED7-9CABB042C989}.Debug|Any CPU.Build.0 = Debug|Any CPU
		{0CAE53AD-DB18-4896-9ED7-9CABB042C989}.Release|Any CPU.ActiveCfg = Release|Any CPU
		{0CAE53AD-DB18-4896-9ED7-9CABB042C989}.Release|Any CPU.Build.0 = Release|Any CPU
	EndGlobalSection
	GlobalSection(SolutionProperties) = preSolution
		HideSolutionNode = FALSE
	EndGlobalSection
	GlobalSection(ExtensibilityGlobals) = postSolution
		SolutionGuid = {F18191F7-17FB-4BE9-AE14-B4258E6B8670}
	EndGlobalSection
EndGlobal
